
Microsoft Visual Studio Solution File, Format Version 12.00
# Visual Studio Version 17
VisualStudioVersion = 17.11.35312.102
MinimumVisualStudioVersion = 10.0.40219.1
Project("{FAE04EC0-301F-11D3-BF4B-00C04F79EFBC}") = "Practica05", "Practica05\Practica05.csproj", "{5863BBAA-D9A5-4C4B-8AAC-B4724F1B23F8}"
EndProject
Global
	GlobalSection(SolutionConfigurationPlatforms) = preSolution
		Debug|Any CPU = Debug|Any CPU
		Release|Any CPU = Release|Any CPU
	EndGlobalSection
	GlobalSection(ProjectConfigurationPlatforms) = postSolution
		{5863BBAA-D9A5-4C4B-8AAC-B4724F1B23F8}.Debug|Any CPU.ActiveCfg = Debug|Any CPU
		{5863BBAA-D9A5-4C4B-8AAC-B4724F1B23F8}.Debug|Any CPU.Build.0 = Debug|Any CPU
		{5863BBAA-D9A5-4C4B-8AAC-B4724F1B23F8}.Release|Any CPU.ActiveCfg = Release|Any CPU
		{5863BBAA-D9A5-4C4B-8AAC-B4724F1B23F8}.Release|Any CPU.Build.0 = Release|Any CPU
	EndGlobalSection
	GlobalSection(SolutionProperties) = preSolution
		HideSolutionNode = FALSE
	EndGlobalSection
	GlobalSection(ExtensibilityGlobals) = postSolution
		SolutionGuid = {675A4C44-96B4-41DC-A5EC-DBDD3728649F}
	EndGlobalSection
EndGlobal
